# THIS IS AN AUTOGENERATED FILE. DO NOT EDIT THIS FILE DIRECTLY.
# yarn lockfile v1


picomatch@^2.0.4:
  version "2.0.7"
  resolved "https://registry.yarnpkg.com/picomatch/-/picomatch-2.0.7.tgz#514169d8c7cd0bdbeecc8a2609e34a7163de69f6"
  integrity sha512-oLHIdio3tZ0qH76NybpeneBhYVj0QFTfXEFTc/B3zKQspYfYYkWYgFsmzo+4kvId/bQRcNkVeguI3y+CD22BtA==

readdirp@^3.0.2:
  version "3.0.2"
  resolved "https://registry.yarnpkg.com/readdirp/-/readdirp-3.0.2.tgz#cba63348e9e42fc1bd334b1d2ef895b6a043cbd6"
  integrity sha512-LbyJYv48eywrhOlScq16H/VkCiGKGPC2TpOdZCJ7QXnYEjn3NN/Oblh8QEU3vqfSRBB7OGvh5x45NKiVeNujIQ==
  dependencies:
    picomatch "^2.0.4"
